
Microsoft Visual Studio Solution File, Format Version 12.00
# Visual Studio 15
VisualStudioVersion = 15.0.28307.489
MinimumVisualStudioVersion = 10.0.40219.1
Project("{FAE04EC0-301F-11D3-BF4B-00C04F79EFBC}") = "StoreManagementEntity", "StoreManagementEntity\StoreManagementEntity.csproj", "{4BDBA6E5-830B-4BC3-90F8-07FED568EC81}"
EndProject
Project("{FAE04EC0-301F-11D3-BF4B-00C04F79EFBC}") = "Stock", "Stock\Stock.csproj", "{709C5E03-7768-426B-A48E-8C67118C7069}"
EndProject
Project("{FAE04EC0-301F-11D3-BF4B-00C04F79EFBC}") = "DatabaseLayer", "DatabaseLayer\DatabaseLayer.csproj", "{E579F0A2-C9DD-43BC-A4DD-B3A7961D467D}"
EndProject
Global
	GlobalSection(SolutionConfigurationPlatforms) = preSolution
		Debug|Any CPU = Debug|Any CPU
		Release|Any CPU = Release|Any CPU
	EndGlobalSection
	GlobalSection(ProjectConfigurationPlatforms) = postSolution
		{4BDBA6E5-830B-4BC3-90F8-07FED568EC81}.Debug|Any CPU.ActiveCfg = Debug|Any CPU
		{4BDBA6E5-830B-4BC3-90F8-07FED568EC81}.Debug|Any CPU.Build.0 = Debug|Any CPU
		{4BDBA6E5-830B-4BC3-90F8-07FED568EC81}.Release|Any CPU.ActiveCfg = Release|Any CPU
		{4BDBA6E5-830B-4BC3-90F8-07FED568EC81}.Release|Any CPU.Build.0 = Release|Any CPU
		{709C5E03-7768-426B-A48E-8C67118C7069}.Debug|Any CPU.ActiveCfg = Debug|Any CPU
		{709C5E03-7768-426B-A48E-8C67118C7069}.Debug|Any CPU.Build.0 = Debug|Any CPU
		{709C5E03-7768-426B-A48E-8C67118C7069}.Release|Any CPU.ActiveCfg = Release|Any CPU
		{709C5E03-7768-426B-A48E-8C67118C7069}.Release|Any CPU.Build.0 = Release|Any CPU
		{E579F0A2-C9DD-43BC-A4DD-B3A7961D467D}.Debug|Any CPU.ActiveCfg = Debug|Any CPU
		{E579F0A2-C9DD-43BC-A4DD-B3A7961D467D}.Debug|Any CPU.Build.0 = Debug|Any CPU
		{E579F0A2-C9DD-43BC-A4DD-B3A7961D467D}.Release|Any CPU.ActiveCfg = Release|Any CPU
		{E579F0A2-C9DD-43BC-A4DD-B3A7961D467D}.Release|Any CPU.Build.0 = Release|Any CPU
	EndGlobalSection
	GlobalSection(SolutionProperties) = preSolution
		HideSolutionNode = FALSE
	EndGlobalSection
	GlobalSection(ExtensibilityGlobals) = postSolution
		SolutionGuid = {B33D12E2-7643-4650-8C19-2A9E9B81288C}
	EndGlobalSection
EndGlobal
